// !$*UTF8*$!
{
	archiveVersion = 1;
	classes = {
	};
	objectVersion = 50;
	objects = {

/* Begin PBXBuildFile section */
		2C9385B22587F545000B7CAC /* Tests_iOS.swift in Sources */ = {isa = PBXBuildFile; fileRef = 2C9385B12587F545000B7CAC /* Tests_iOS.swift */; };
		2C9385BD2587F545000B7CAC /* Tests_macOS.swift in Sources */ = {isa = PBXBuildFile; fileRef = 2C9385BC2587F545000B7CAC /* Tests_macOS.swift */; };
		2C9385BF2587F545000B7CAC /* WeSplitApp.swift in Sources */ = {isa = PBXBuildFile; fileRef = 2C9385962587F542000B7CAC /* WeSplitApp.swift */; };
		2C9385C02587F545000B7CAC /* WeSplitApp.swift in Sources */ = {isa = PBXBuildFile; fileRef = 2C9385962587F542000B7CAC /* WeSplitApp.swift */; };
		2C9385C12587F545000B7CAC /* ContentView.swift in Sources */ = {isa = PBXBuildFile; fileRef = 2C9385972587F542000B7CAC /* ContentView.swift */; };
		2C9385C22587F545000B7CAC /* ContentView.swift in Sources */ = {isa = PBXBuildFile; fileRef = 2C9385972587F542000B7CAC /* ContentView.swift */; };
		2C9385C32587F545000B7CAC /* Assets.xcassets in Resources */ = {isa = PBXBuildFile; fileRef = 2C9385982587F545000B7CAC /* Assets.xcassets */; };
		2C9385C42587F545000B7CAC /* Assets.xcassets in Resources */ = {isa = PBXBuildFile; fileRef = 2C9385982587F545000B7CAC /* Assets.xcassets */; };
/* End PBXBuildFile section */

/* Begin PBXContainerItemProxy section */
		2C9385AE2587F545000B7CAC /* PBXContainerItemProxy */ = {
			isa = PBXContainerItemProxy;
			containerPortal = 2C9385912587F542000B7CAC /* Project object */;
			proxyType = 1;
			remoteGlobalIDString = 2C93859C2587F545000B7CAC;
			remoteInfo = "WeSplit (iOS)";
		};
		2C9385B92587F545000B7CAC /* PBXContainerItemProxy */ = {
			isa = PBXContainerItemProxy;
			containerPortal = 2C9385912587F542000B7CAC /* Project object */;
			proxyType = 1;
			remoteGlobalIDString = 2C9385A42587F545000B7CAC;
			remoteInfo = "WeSplit (macOS)";
		};
/* End PBXContainerItemProxy section */

/* Begin PBXFileReference section */
		2C9385962587F542000B7CAC /* WeSplitApp.swift */ = {isa = PBXFileReference; lastKnownFileType = sourcecode.swift; path = WeSplitApp.swift; sourceTree = "<group>"; };
		2C9385972587F542000B7CAC /* ContentView.swift */ = {isa = PBXFileReference; lastKnownFileType = sourcecode.swift; path = ContentView.swift; sourceTree = "<group>"; };
		2C9385982587F545000B7CAC /* Assets.xcassets */ = {isa = PBXFileReference; lastKnownFileType = folder.assetcatalog; path = Assets.xcassets; sourceTree = "<group>"; };
		2C93859D2587F545000B7CAC /* WeSplit.app */ = {isa = PBXFileReference; explicitFileType = wrapper.application; includeInIndex = 0; path = WeSplit.app; sourceTree = BUILT_PRODUCTS_DIR; };
		2C9385A02587F545000B7CAC /* Info.plist */ = {isa = PBXFileReference; lastKnownFileType = text.plist.xml; path = Info.plist; sourceTree = "<group>"; };
		2C9385A52587F545000B7CAC /* WeSplit.app */ = {isa = PBXFileReference; explicitFileType = wrapper.application; includeInIndex = 0; path = WeSplit.app; sourceTree = BUILT_PRODUCTS_DIR; };
		2C9385A72587F545000B7CAC /* Info.plist */ = {isa = PBXFileReference; lastKnownFileType = text.plist.xml; path = Info.plist; sourceTree = "<group>"; };
		2C9385A82587F545000B7CAC /* macOS.entitlements */ = {isa = PBXFileReference; lastKnownFileType = text.plist.entitlements; path = macOS.entitlements; sourceTree = "<group>"; };
		2C9385AD2587F545000B7CAC /* Tests iOS.xctest */ = {isa = PBXFileReference; explicitFileType = wrapper.cfbundle; includeInIndex = 0; path = "Tests iOS.xctest"; sourceTree = BUILT_PRODUCTS_DIR; };
		2C9385B12587F545000B7CAC /* Tests_iOS.swift */ = {isa = PBXFileReference; lastKnownFileType = sourcecode.swift; path = Tests_iOS.swift; sourceTree = "<group>"; };
		2C9385B32587F545000B7CAC /* Info.plist */ = {isa = PBXFileReference; lastKnownFileType = text.plist.xml; path = Info.plist; sourceTree = "<group>"; };
		2C9385B82587F545000B7CAC /* Tests macOS.xctest */ = {isa = PBXFileReference; explicitFileType = wrapper.cfbundle; includeInIndex = 0; path = "Tests macOS.xctest"; sourceTree = BUILT_PRODUCTS_DIR; };
		2C9385BC2587F545000B7CAC /* Tests_macOS.swift */ = {isa = PBXFileReference; lastKnownFileType = sourcecode.swift; path = Tests_macOS.swift; sourceTree = "<group>"; };
		2C9385BE2587F545000B7CAC /* Info.plist */ = {isa = PBXFileReference; lastKnownFileType = text.plist.xml; path = Info.plist; sourceTree = "<group>"; };
/* End PBXFileReference section */

/* Begin PBXFrameworksBuildPhase section */
		2C93859A2587F545000B7CAC /* Frameworks */ = {
			isa = PBXFrameworksBuildPhase;
			buildActionMask = 2147483647;
			files = (
			);
			runOnlyForDeploymentPostprocessing = 0;
		};
		2C9385A22587F545000B7CAC /* Frameworks */ = {
			isa = PBXFrameworksBuildPhase;
			buildActionMask = 2147483647;
			files = (
			);
			runOnlyForDeploymentPostprocessing = 0;
		};
		2C9385AA2587F545000B7CAC /* Frameworks */ = {
			isa = PBXFrameworksBuildPhase;
			buildActionMask = 2147483647;
			files = (
			);
			runOnlyForDeploymentPostprocessing = 0;
		};
		2C9385B52587F545000B7CAC /* Frameworks */ = {
			isa = PBXFrameworksBuildPhase;
			buildActionMask = 2147483647;
			files = (
			);
			runOnlyForDeploymentPostprocessing = 0;
		};
/* End PBXFrameworksBuildPhase section */

/* Begin PBXGroup section */
		2C9385902587F542000B7CAC = {
			isa = PBXGroup;
			children = (
				2C9385952587F542000B7CAC /* Shared */,
				2C93859F2587F545000B7CAC /* iOS */,
				2C9385A62587F545000B7CAC /* macOS */,
				2C9385B02587F545000B7CAC /* Tests iOS */,
				2C9385BB2587F545000B7CAC /* Tests macOS */,
				2C93859E2587F545000B7CAC /* Products */,
			);
			sourceTree = "<group>";
		};
		2C9385952587F542000B7CAC /* Shared */ = {
			isa = PBXGroup;
			children = (
				2C9385962587F542000B7CAC /* WeSplitApp.swift */,
				2C9385972587F542000B7CAC /* ContentView.swift */,
				2C9385982587F545000B7CAC /* Assets.xcassets */,
			);
			path = Shared;
			sourceTree = "<group>";
		};
		2C93859E2587F545000B7CAC /* Products */ = {
			isa = PBXGroup;
			children = (
				2C93859D2587F545000B7CAC /* WeSplit.app */,
				2C9385A52587F545000B7CAC /* WeSplit.app */,
				2C9385AD2587F545000B7CAC /* Tests iOS.xctest */,
				2C9385B82587F545000B7CAC /* Tests macOS.xctest */,
			);
			name = Products;
			sourceTree = "<group>";
		};
		2C93859F2587F545000B7CAC /* iOS */ = {
			isa = PBXGroup;
			children = (
				2C9385A02587F545000B7CAC /* Info.plist */,
			);
			path = iOS;
			sourceTree = "<group>";
		};
		2C9385A62587F545000B7CAC /* macOS */ = {
			isa = PBXGroup;
			children = (
				2C9385A72587F545000B7CAC /* Info.plist */,
				2C9385A82587F545000B7CAC /* macOS.entitlements */,
			);
			path = macOS;
			sourceTree = "<group>";
		};
		2C9385B02587F545000B7CAC /* Tests iOS */ = {
			isa = PBXGroup;
			children = (
				2C9385B12587F545000B7CAC /* Tests_iOS.swift */,
				2C9385B32587F545000B7CAC /* Info.plist */,
			);
			path = "Tests iOS";
			sourceTree = "<group>";
		};
		2C9385BB2587F545000B7CAC /* Tests macOS */ = {
			isa = PBXGroup;
			children = (
				2C9385BC2587F545000B7CAC /* Tests_macOS.swift */,
				2C9385BE2587F545000B7CAC /* Info.plist */,
			);
			path = "Tests macOS";
			sourceTree = "<group>";
		};
/* End PBXGroup section */

/* Begin PBXNativeTarget section */
		2C93859C2587F545000B7CAC /* WeSplit (iOS) */ = {
			isa = PBXNativeTarget;
			buildConfigurationList = 2C9385C72587F545000B7CAC /* Build configuration list for PBXNativeTarget "WeSplit (iOS)" */;
			buildPhases = (
				2C9385992587F545000B7CAC /* Sources */,
				2C93859A2587F545000B7CAC /* Frameworks */,
				2C93859B2587F545000B7CAC /* Resources */,
			);
			buildRules = (
			);
			dependencies = (
			);
			name = "WeSplit (iOS)";
			productName = "WeSplit (iOS)";
			productReference = 2C93859D2587F545000B7CAC /* WeSplit.app */;
			productType = "com.apple.product-type.application";
		};
		2C9385A42587F545000B7CAC /* WeSplit (macOS) */ = {
			isa = PBXNativeTarget;
			buildConfigurationList = 2C9385CA2587F545000B7CAC /* Build configuration list for PBXNativeTarget "WeSplit (macOS)" */;
			buildPhases = (
				2C9385A12587F545000B7CAC /* Sources */,
				2C9385A22587F545000B7CAC /* Frameworks */,
				2C9385A32587F545000B7CAC /* Resources */,
			);
			buildRules = (
			);
			dependencies = (
			);
			name = "WeSplit (macOS)";
			productName = "WeSplit (macOS)";
			productReference = 2C9385A52587F545000B7CAC /* WeSplit.app */;
			productType = "com.apple.product-type.application";
		};
		2C9385AC2587F545000B7CAC /* Tests iOS */ = {
			isa = PBXNativeTarget;
			buildConfigurationList = 2C9385CD2587F545000B7CAC /* Build configuration list for PBXNativeTarget "Tests iOS" */;
			buildPhases = (
				2C9385A92587F545000B7CAC /* Sources */,
				2C9385AA2587F545000B7CAC /* Frameworks */,
				2C9385AB2587F545000B7CAC /* Resources */,
			);
			buildRules = (
			);
			dependencies = (
				2C9385AF2587F545000B7CAC /* PBXTargetDependency */,
			);
			name = "Tests iOS";
			productName = "Tests iOS";
			productReference = 2C9385AD2587F545000B7CAC /* Tests iOS.xctest */;
			productType = "com.apple.product-type.bundle.ui-testing";
		};
		2C9385B72587F545000B7CAC /* Tests macOS */ = {
			isa = PBXNativeTarget;
			buildConfigurationList = 2C9385D02587F545000B7CAC /* Build configuration list for PBXNativeTarget "Tests macOS" */;
			buildPhases = (
				2C9385B42587F545000B7CAC /* Sources */,
				2C9385B52587F545000B7CAC /* Frameworks */,
				2C9385B62587F545000B7CAC /* Resources */,
			);
			buildRules = (
			);
			dependencies = (
				2C9385BA2587F545000B7CAC /* PBXTargetDependency */,
			);
			name = "Tests macOS";
			productName = "Tests macOS";
			productReference = 2C9385B82587F545000B7CAC /* Tests macOS.xctest */;
			productType = "com.apple.product-type.bundle.ui-testing";
		};
/* End PBXNativeTarget section */

/* Begin PBXProject section */
		2C9385912587F542000B7CAC /* Project object */ = {
			isa = PBXProject;
			attributes = {
				LastSwiftUpdateCheck = 1220;
				LastUpgradeCheck = 1230;
				TargetAttributes = {
					2C93859C2587F545000B7CAC = {
						CreatedOnToolsVersion = 12.2;
					};
					2C9385A42587F545000B7CAC = {
						CreatedOnToolsVersion = 12.2;
					};
					2C9385AC2587F545000B7CAC = {
						CreatedOnToolsVersion = 12.2;
						TestTargetID = 2C93859C2587F545000B7CAC;
					};
					2C9385B72587F545000B7CAC = {
						CreatedOnToolsVersion = 12.2;
						TestTargetID = 2C9385A42587F545000B7CAC;
					};
				};
			};
			buildConfigurationList = 2C9385942587F542000B7CAC /* Build configuration list for PBXProject "WeSplit" */;
			compatibilityVersion = "Xcode 9.3";
			developmentRegion = en;
			hasScannedForEncodings = 0;
			knownRegions = (
				en,
				Base,
			);
			mainGroup = 2C9385902587F542000B7CAC;
			productRefGroup = 2C93859E2587F545000B7CAC /* Products */;
			projectDirPath = "";
			projectRoot = "";
			targets = (
				2C93859C2587F545000B7CAC /* WeSplit (iOS) */,
				2C9385A42587F545000B7CAC /* WeSplit (macOS) */,
				2C9385AC2587F545000B7CAC /* Tests iOS */,
				2C9385B72587F545000B7CAC /* Tests macOS */,
			);
		};
/* End PBXProject section */

/* Begin PBXResourcesBuildPhase section */
		2C93859B2587F545000B7CAC /* Resources */ = {
			isa = PBXResourcesBuildPhase;
			buildActionMask = 2147483647;
			files = (
				2C9385C32587F545000B7CAC /* Assets.xcassets in Resources */,
			);
			runOnlyForDeploymentPostprocessing = 0;
		};
		2C9385A32587F545000B7CAC /* Resources */ = {
			isa = PBXResourcesBuildPhase;
			buildActionMask = 2147483647;
			files = (
				2C9385C42587F545000B7CAC /* Assets.xcassets in Resources */,
			);
			runOnlyForDeploymentPostprocessing = 0;
		};
		2C9385AB2587F545000B7CAC /* Resources */ = {
			isa = PBXResourcesBuildPhase;
			buildActionMask = 2147483647;
			files = (
			);
			runOnlyForDeploymentPostprocessing = 0;
		};
		2C9385B62587F545000B7CAC /* Resources */ = {
			isa = PBXResourcesBuildPhase;
			buildActionMask = 2147483647;
			files = (
			);
			runOnlyForDeploymentPostprocessing = 0;
		};
/* End PBXResourcesBuildPhase section */

/* Begin PBXSourcesBuildPhase section */
		2C9385992587F545000B7CAC /* Sources */ = {
			isa = PBXSourcesBuildPhase;
			buildActionMask = 2147483647;
			files = (
				2C9385C12587F545000B7CAC /* ContentView.swift in Sources */,
				2C9385BF2587F545000B7CAC /* WeSplitApp.swift in Sources */,
			);
			runOnlyForDeploymentPostprocessing = 0;
		};
		2C9385A12587F545000B7CAC /* Sources */ = {
			isa = PBXSourcesBuildPhase;
			buildActionMask = 2147483647;
			files = (
				2C9385C22587F545000B7CAC /* ContentView.swift in Sources */,
				2C9385C02587F545000B7CAC /* WeSplitApp.swift in Sources */,
			);
			runOnlyForDeploymentPostprocessing = 0;
		};
		2C9385A92587F545000B7CAC /* Sources */ = {
			isa = PBXSourcesBuildPhase;
			buildActionMask = 2147483647;
			files = (
				2C9385B22587F545000B7CAC /* Tests_iOS.swift in Sources */,
			);
			runOnlyForDeploymentPostprocessing = 0;
		};
		2C9385B42587F545000B7CAC /* Sources */ = {
			isa = PBXSourcesBuildPhase;
			buildActionMask = 2147483647;
			files = (
				2C9385BD2587F545000B7CAC /* Tests_macOS.swift in Sources */,
			);
			runOnlyForDeploymentPostprocessing = 0;
		};
/* End PBXSourcesBuildPhase section */

/* Begin PBXTargetDependency section */
		2C9385AF2587F545000B7CAC /* PBXTargetDependency */ = {
			isa = PBXTargetDependency;
			target = 2C93859C2587F545000B7CAC /* WeSplit (iOS) */;
			targetProxy = 2C9385AE2587F545000B7CAC /* PBXContainerItemProxy */;
		};
		2C9385BA2587F545000B7CAC /* PBXTargetDependency */ = {
			isa = PBXTargetDependency;
			target = 2C9385A42587F545000B7CAC /* WeSplit (macOS) */;
			targetProxy = 2C9385B92587F545000B7CAC /* PBXContainerItemProxy */;
		};
/* End PBXTargetDependency section */

/* Begin XCBuildConfiguration section */
		2C9385C52587F545000B7CAC /* Debug */ = {
			isa = XCBuildConfiguration;
			buildSettings = {
				ALWAYS_SEARCH_USER_PATHS = NO;
				CLANG_ANALYZER_NONNULL = YES;
				CLANG_ANALYZER_NUMBER_OBJECT_CONVERSION = YES_AGGRESSIVE;
				CLANG_CXX_LANGUAGE_STANDARD = "gnu++14";
				CLANG_CXX_LIBRARY = "libc++";
				CLANG_ENABLE_MODULES = YES;
				CLANG_ENABLE_OBJC_ARC = YES;
				CLANG_ENABLE_OBJC_WEAK = YES;
				CLANG_WARN_BLOCK_CAPTURE_AUTORELEASING = YES;
				CLANG_WARN_BOOL_CONVERSION = YES;
				CLANG_WARN_COMMA = YES;
				CLANG_WARN_CONSTANT_CONVERSION = YES;
				CLANG_WARN_DEPRECATED_OBJC_IMPLEMENTATIONS = YES;
				CLANG_WARN_DIRECT_OBJC_ISA_USAGE = YES_ERROR;
				CLANG_WARN_DOCUMENTATION_COMMENTS = YES;
				CLANG_WARN_EMPTY_BODY = YES;
				CLANG_WARN_ENUM_CONVERSION = YES;
				CLANG_WARN_INFINITE_RECURSION = YES;
				CLANG_WARN_INT_CONVERSION = YES;
				CLANG_WARN_NON_LITERAL_NULL_CONVERSION = YES;
				CLANG_WARN_OBJC_IMPLICIT_RETAIN_SELF = YES;
				CLANG_WARN_OBJC_LITERAL_CONVERSION = YES;
				CLANG_WARN_OBJC_ROOT_CLASS = YES_ERROR;
				CLANG_WARN_QUOTED_INCLUDE_IN_FRAMEWORK_HEADER = YES;
				CLANG_WARN_RANGE_LOOP_ANALYSIS = YES;
				CLANG_WARN_STRICT_PROTOTYPES = YES;
				CLANG_WARN_SUSPICIOUS_MOVE = YES;
				CLANG_WARN_UNGUARDED_AVAILABILITY = YES_AGGRESSIVE;
				CLANG_WARN_UNREACHABLE_CODE = YES;
				CLANG_WARN__DUPLICATE_METHOD_MATCH = YES;
				COPY_PHASE_STRIP = NO;
				DEBUG_INFORMATION_FORMAT = dwarf;
				ENABLE_STRICT_OBJC_MSGSEND = YES;
				ENABLE_TESTABILITY = YES;
				GCC_C_LANGUAGE_STANDARD = gnu11;
				GCC_DYNAMIC_NO_PIC = NO;
				GCC_NO_COMMON_BLOCKS = YES;
				GCC_OPTIMIZATION_LEVEL = 0;
				GCC_PREPROCESSOR_DEFINITIONS = (
					"DEBUG=1",
					"$(inherited)",
				);
				GCC_WARN_64_TO_32_BIT_CONVERSION = YES;
				GCC_WARN_ABOUT_RETURN_TYPE = YES_ERROR;
				GCC_WARN_UNDECLARED_SELECTOR = YES;
				GCC_WARN_UNINITIALIZED_AUTOS = YES_AGGRESSIVE;
				GCC_WARN_UNUSED_FUNCTION = YES;
				GCC_WARN_UNUSED_VARIABLE = YES;
				MTL_ENABLE_DEBUG_INFO = INCLUDE_SOURCE;
				MTL_FAST_MATH = YES;
				ONLY_ACTIVE_ARCH = YES;
				SWIFT_ACTIVE_COMPILATION_CONDITIONS = DEBUG;
				SWIFT_OPTIMIZATION_LEVEL = "-Onone";
			};
			name = Debug;
		};
		2C9385C62587F545000B7CAC /* Release */ = {
			isa = XCBuildConfiguration;
			buildSettings = {
				ALWAYS_SEARCH_USER_PATHS = NO;
				CLANG_ANALYZER_NONNULL = YES;
				CLANG_ANALYZER_NUMBER_OBJECT_CONVERSION = YES_AGGRESSIVE;
				CLANG_CXX_LANGUAGE_STANDARD = "gnu++14";
				CLANG_CXX_LIBRARY = "libc++";
				CLANG_ENABLE_MODULES = YES;
				CLANG_ENABLE_OBJC_ARC = YES;
				CLANG_ENABLE_OBJC_WEAK = YES;
				CLANG_WARN_BLOCK_CAPTURE_AUTORELEASING = YES;
				CLANG_WARN_BOOL_CONVERSION = YES;
				CLANG_WARN_COMMA = YES;
				CLANG_WARN_CONSTANT_CONVERSION = YES;
				CLANG_WARN_DEPRECATED_OBJC_IMPLEMENTATIONS = YES;
				CLANG_WARN_DIRECT_OBJC_ISA_USAGE = YES_ERROR;
				CLANG_WARN_DOCUMENTATION_COMMENTS = YES;
				CLANG_WARN_EMPTY_BODY = YES;
				CLANG_WARN_ENUM_CONVERSION = YES;
				CLANG_WARN_INFINITE_RECURSION = YES;
				CLANG_WARN_INT_CONVERSION = YES;
				CLANG_WARN_NON_LITERAL_NULL_CONVERSION = YES;
				CLANG_WARN_OBJC_IMPLICIT_RETAIN_SELF = YES;
				CLANG_WARN_OBJC_LITERAL_CONVERSION = YES;
				CLANG_WARN_OBJC_ROOT_CLASS = YES_ERROR;
				CLANG_WARN_QUOTED_INCLUDE_IN_FRAMEWORK_HEADER = YES;
				CLANG_WARN_RANGE_LOOP_ANALYSIS = YES;
				CLANG_WARN_STRICT_PROTOTYPES = YES;
				CLANG_WARN_SUSPICIOUS_MOVE = YES;
				CLANG_WARN_UNGUARDED_AVAILABILITY = YES_AGGRESSIVE;
				CLANG_WARN_UNREACHABLE_CODE = YES;
				CLANG_WARN__DUPLICATE_METHOD_MATCH = YES;
				COPY_PHASE_STRIP = NO;
				DEBUG_INFORMATION_FORMAT = "dwarf-with-dsym";
				ENABLE_NS_ASSERTIONS = NO;
				ENABLE_STRICT_OBJC_MSGSEND = YES;
				GCC_C_LANGUAGE_STANDARD = gnu11;
				GCC_NO_COMMON_BLOCKS = YES;
				GCC_WARN_64_TO_32_BIT_CONVERSION = YES;
				GCC_WARN_ABOUT_RETURN_TYPE = YES_ERROR;
				GCC_WARN_UNDECLARED_SELECTOR = YES;
				GCC_WARN_UNINITIALIZED_AUTOS = YES_AGGRESSIVE;
				GCC_WARN_UNUSED_FUNCTION = YES;
				GCC_WARN_UNUSED_VARIABLE = YES;
				MTL_ENABLE_DEBUG_INFO = NO;
				MTL_FAST_MATH = YES;
				SWIFT_COMPILATION_MODE = wholemodule;
				SWIFT_OPTIMIZATION_LEVEL = "-O";
			};
			name = Release;
		};
		2C9385C82587F545000B7CAC /* Debug */ = {
			isa = XCBuildConfiguration;
			buildSettings = {
				ASSETCATALOG_COMPILER_APPICON_NAME = AppIcon;
				ASSETCATALOG_COMPILER_GLOBAL_ACCENT_COLOR_NAME = AccentColor;
				CODE_SIGN_STYLE = Automatic;
				DEVELOPMENT_TEAM = VA8GM4F7TR;
				ENABLE_PREVIEWS = YES;
				INFOPLIST_FILE = iOS/Info.plist;
				IPHONEOS_DEPLOYMENT_TARGET = 14.0;
				LD_RUNPATH_SEARCH_PATHS = (
					"$(inherited)",
					"@executable_path/Frameworks",
				);
				PRODUCT_BUNDLE_IDENTIFIER = ZestyBean.WeSplit;
				PRODUCT_NAME = WeSplit;
				SDKROOT = iphoneos;
				SWIFT_VERSION = 5.0;
				TARGETED_DEVICE_FAMILY = "1,2";
			};
			name = Debug;
		};
		2C9385C92587F545000B7CAC /* Release */ = {
			isa = XCBuildConfiguration;
			buildSettings = {
				ASSETCATALOG_COMPILER_APPICON_NAME = AppIcon;
				ASSETCATALOG_COMPILER_GLOBAL_ACCENT_COLOR_NAME = AccentColor;
				CODE_SIGN_STYLE = Automatic;
				DEVELOPMENT_TEAM = VA8GM4F7TR;
				ENABLE_PREVIEWS = YES;
				INFOPLIST_FILE = iOS/Info.plist;
				IPHONEOS_DEPLOYMENT_TARGET = 14.0;
				LD_RUNPATH_SEARCH_PATHS = (
					"$(inherited)",
					"@executable_path/Frameworks",
				);
				PRODUCT_BUNDLE_IDENTIFIER = ZestyBean.WeSplit;
				PRODUCT_NAME = WeSplit;
				SDKROOT = iphoneos;
				SWIFT_VERSION = 5.0;
				TARGETED_DEVICE_FAMILY = "1,2";
				VALIDATE_PRODUCT = YES;
			};
			name = Release;
		};
		2C9385CB2587F545000B7CAC /* Debug */ = {
			isa = XCBuildConfiguration;
			buildSettings = {
				ASSETCATALOG_COMPILER_APPICON_NAME = AppIcon;
				ASSETCATALOG_COMPILER_GLOBAL_ACCENT_COLOR_NAME = AccentColor;
				CODE_SIGN_ENTITLEMENTS = macOS/macOS.entitlements;
				CODE_SIGN_IDENTITY = "-";
				CODE_SIGN_STYLE = Automatic;
				COMBINE_HIDPI_IMAGES = YES;
				DEVELOPMENT_TEAM = VA8GM4F7TR;
				ENABLE_HARDENED_RUNTIME = YES;
				ENABLE_PREVIEWS = YES;
				INFOPLIST_FILE = macOS/Info.plist;
				LD_RUNPATH_SEARCH_PATHS = (
					"$(inherited)",
					"@executable_path/../Frameworks",
				);
				MACOSX_DEPLOYMENT_TARGET = 11.0;
				PRODUCT_BUNDLE_IDENTIFIER = ZestyBean.WeSplit;
				PRODUCT_NAME = WeSplit;
				SDKROOT = macosx;
				SWIFT_VERSION = 5.0;
			};
			name = Debug;
		};
		2C9385CC2587F545000B7CAC /* Release */ = {
			isa = XCBuildConfiguration;
			buildSettings = {
				ASSETCATALOG_COMPILER_APPICON_NAME = AppIcon;
				ASSETCATALOG_COMPILER_GLOBAL_ACCENT_COLOR_NAME = AccentColor;
				CODE_SIGN_ENTITLEMENTS = macOS/macOS.entitlements;
				CODE_SIGN_IDENTITY = "-";
				CODE_SIGN_STYLE = Automatic;
				COMBINE_HIDPI_IMAGES = YES;
				DEVELOPMENT_TEAM = VA8GM4F7TR;
				ENABLE_HARDENED_RUNTIME = YES;
				ENABLE_PREVIEWS = YES;
				INFOPLIST_FILE = macOS/Info.plist;
				LD_RUNPATH_SEARCH_PATHS = (
					"$(inherited)",
					"@executable_path/../Frameworks",
				);
				MACOSX_DEPLOYMENT_TARGET = 11.0;
				PRODUCT_BUNDLE_IDENTIFIER = ZestyBean.WeSplit;
				PRODUCT_NAME = WeSplit;
				SDKROOT = macosx;
				SWIFT_VERSION = 5.0;
			};
			name = Release;
		};
		2C9385CE2587F545000B7CAC /* Debug */ = {
			isa = XCBuildConfiguration;
			buildSettings = {
				ALWAYS_EMBED_SWIFT_STANDARD_LIBRARIES = YES;
				CODE_SIGN_STYLE = Automatic;
				DEVELOPMENT_TEAM = VA8GM4F7TR;
				INFOPLIST_FILE = "Tests iOS/Info.plist";
				IPHONEOS_DEPLOYMENT_TARGET = 14.2;
				LD_RUNPATH_SEARCH_PATHS = (
					"$(inherited)",
					"@executable_path/Frameworks",
					"@loader_path/Frameworks",
				);
				PRODUCT_BUNDLE_IDENTIFIER = "ZestyBean.Tests-iOS";
				PRODUCT_NAME = "$(TARGET_NAME)";
				SDKROOT = iphoneos;
				SWIFT_VERSION = 5.0;
				TARGETED_DEVICE_FAMILY = "1,2";
				TEST_TARGET_NAME = "WeSplit (iOS)";
			};
			name = Debug;
		};
		2C9385CF2587F545000B7CAC /* Release */ = {
			isa = XCBuildConfiguration;
			buildSettings = {
				ALWAYS_EMBED_SWIFT_STANDARD_LIBRARIES = YES;
				CODE_SIGN_STYLE = Automatic;
				DEVELOPMENT_TEAM = VA8GM4F7TR;
				INFOPLIST_FILE = "Tests iOS/Info.plist";
				IPHONEOS_DEPLOYMENT_TARGET = 14.2;
				LD_RUNPATH_SEARCH_PATHS = (
					"$(inherited)",
					"@executable_path/Frameworks",
					"@loader_path/Frameworks",
				);
				PRODUCT_BUNDLE_IDENTIFIER = "ZestyBean.Tests-iOS";
				PRODUCT_NAME = "$(TARGET_NAME)";
				SDKROOT = iphoneos;
				SWIFT_VERSION = 5.0;
				TARGETED_DEVICE_FAMILY = "1,2";
				TEST_TARGET_NAME = "WeSplit (iOS)";
				VALIDATE_PRODUCT = YES;
			};
			name = Release;
		};
		2C9385D12587F545000B7CAC /* Debug */ = {
			isa = XCBuildConfiguration;
			buildSettings = {
				ALWAYS_EMBED_SWIFT_STANDARD_LIBRARIES = YES;
				CODE_SIGN_STYLE = Automatic;
				COMBINE_HIDPI_IMAGES = YES;
				DEVELOPMENT_TEAM = VA8GM4F7TR;
				INFOPLIST_FILE = "Tests macOS/Info.plist";
				LD_RUNPATH_SEARCH_PATHS = (
					"$(inherited)",
					"@executable_path/../Frameworks",
					"@loader_path/../Frameworks",
				);
				MACOSX_DEPLOYMENT_TARGET = 11.0;
				PRODUCT_BUNDLE_IDENTIFIER = "ZestyBean.Tests-macOS";
				PRODUCT_NAME = "$(TARGET_NAME)";
				SDKROOT = macosx;
				SWIFT_VERSION = 5.0;
				TEST_TARGET_NAME = "WeSplit (macOS)";
			};
			name = Debug;
		};
		2C9385D22587F545000B7CAC /* Release */ = {
			isa = XCBuildConfiguration;
			buildSettings = {
				ALWAYS_EMBED_SWIFT_STANDARD_LIBRARIES = YES;
				CODE_SIGN_STYLE = Automatic;
				COMBINE_HIDPI_IMAGES = YES;
				DEVELOPMENT_TEAM = VA8GM4F7TR;
				INFOPLIST_FILE = "Tests macOS/Info.plist";
				LD_RUNPATH_SEARCH_PATHS = (
					"$(inherited)",
					"@executable_path/../Frameworks",
					"@loader_path/../Frameworks",
				);
				MACOSX_DEPLOYMENT_TARGET = 11.0;
				PRODUCT_BUNDLE_IDENTIFIER = "ZestyBean.Tests-macOS";
				PRODUCT_NAME = "$(TARGET_NAME)";
				SDKROOT = macosx;
				SWIFT_VERSION = 5.0;
				TEST_TARGET_NAME = "WeSplit (macOS)";
			};
			name = Release;
		};
/* End XCBuildConfiguration section */

/* Begin XCConfigurationList section */
		2C9385942587F542000B7CAC /* Build configuration list for PBXProject "WeSplit" */ = {
			isa = XCConfigurationList;
			buildConfigurations = (
				2C9385C52587F545000B7CAC /* Debug */,
				2C9385C62587F545000B7CAC /* Release */,
			);
			defaultConfigurationIsVisible = 0;
			defaultConfigurationName = Release;
		};
		2C9385C72587F545000B7CAC /* Build configuration list for PBXNativeTarget "WeSplit (iOS)" */ = {
			isa = XCConfigurationList;
			buildConfigurations = (
				2C9385C82587F545000B7CAC /* Debug */,
				2C9385C92587F545000B7CAC /* Release */,
			);
			defaultConfigurationIsVisible = 0;
			defaultConfigurationName = Release;
		};
		2C9385CA2587F545000B7CAC /* Build configuration list for PBXNativeTarget "WeSplit (macOS)" */ = {
			isa = XCConfigurationList;
			buildConfigurations = (
				2C9385CB2587F545000B7CAC /* Debug */,
				2C9385CC2587F545000B7CAC /* Release */,
			);
			defaultConfigurationIsVisible = 0;
			defaultConfigurationName = Release;
		};
		2C9385CD2587F545000B7CAC /* Build configuration list for PBXNativeTarget "Tests iOS" */ = {
			isa = XCConfigurationList;
			buildConfigurations = (
				2C9385CE2587F545000B7CAC /* Debug */,
				2C9385CF2587F545000B7CAC /* Release */,
			);
			defaultConfigurationIsVisible = 0;
			defaultConfigurationName = Release;
		};
		2C9385D02587F545000B7CAC /* Build configuration list for PBXNativeTarget "Tests macOS" */ = {
			isa = XCConfigurationList;
			buildConfigurations = (
				2C9385D12587F545000B7CAC /* Debug */,
				2C9385D22587F545000B7CAC /* Release */,
			);
			defaultConfigurationIsVisible = 0;
			defaultConfigurationName = Release;
		};
/* End XCConfigurationList section */
	};
	rootObject = 2C9385912587F542000B7CAC /* Project object */;
}
